
Microsoft Visual Studio Solution File, Format Version 12.00
# Visual Studio Version 17
VisualStudioVersion = 17.2.32516.85
MinimumVisualStudioVersion = 10.0.40219.1
Project("{9A19103F-16F7-4668-BE54-9A1E7A4F7556}") = "ProjektWPF", "ProjektWPF.csproj", "{21275803-9674-4E8A-9823-B3CCAA22D4BC}"
EndProject
Project("{54435603-DBB4-11D2-8724-00A0C9A8B90C}") = "ProjektWPFSetup", "..\ProjektWPFSetup\ProjektWPFSetup.vdproj", "{97CCEBD6-7F4D-4920-A84C-E052CE7F2DFA}"
EndProject
Project("{FAE04EC0-301F-11D3-BF4B-00C04F79EFBC}") = "ProjektWPF.Tests", "..\ProjektWPF.Tests\ProjektWPF.Tests.csproj", "{2462E509-84E5-4E4D-B7AF-EF217F8C2638}"
EndProject
Global
	GlobalSection(SolutionConfigurationPlatforms) = preSolution
		Debug|Any CPU = Debug|Any CPU
		Release|Any CPU = Release|Any CPU
	EndGlobalSection
	GlobalSection(ProjectConfigurationPlatforms) = postSolution
		{21275803-9674-4E8A-9823-B3CCAA22D4BC}.Debug|Any CPU.ActiveCfg = Debug|Any CPU
		{21275803-9674-4E8A-9823-B3CCAA22D4BC}.Debug|Any CPU.Build.0 = Debug|Any CPU
		{21275803-9674-4E8A-9823-B3CCAA22D4BC}.Release|Any CPU.ActiveCfg = Release|Any CPU
		{21275803-9674-4E8A-9823-B3CCAA22D4BC}.Release|Any CPU.Build.0 = Release|Any CPU
		{97CCEBD6-7F4D-4920-A84C-E052CE7F2DFA}.Debug|Any CPU.ActiveCfg = Debug
		{97CCEBD6-7F4D-4920-A84C-E052CE7F2DFA}.Release|Any CPU.ActiveCfg = Release
		{2462E509-84E5-4E4D-B7AF-EF217F8C2638}.Debug|Any CPU.ActiveCfg = Debug|Any CPU
		{2462E509-84E5-4E4D-B7AF-EF217F8C2638}.Debug|Any CPU.Build.0 = Debug|Any CPU
		{2462E509-84E5-4E4D-B7AF-EF217F8C2638}.Release|Any CPU.ActiveCfg = Release|Any CPU
		{2462E509-84E5-4E4D-B7AF-EF217F8C2638}.Release|Any CPU.Build.0 = Release|Any CPU
	EndGlobalSection
	GlobalSection(SolutionProperties) = preSolution
		HideSolutionNode = FALSE
	EndGlobalSection
	GlobalSection(ExtensibilityGlobals) = postSolution
		SolutionGuid = {0A2DF2A2-2B90-4C5B-A8EF-439E8B2ACB5F}
	EndGlobalSection
EndGlobal
